
Microsoft Visual Studio Solution File, Format Version 12.00
# Visual Studio Version 17
VisualStudioVersion = 17.0.31903.59
MinimumVisualStudioVersion = 10.0.40219.1
Project("{9A19103F-16F7-4668-BE54-9A1E7A4F7556}") = "Service.Deploy.Agent", "Service.Deploy.Agent\Service.Deploy.Agent.csproj", "{C1F1DA7C-2588-46DD-90E6-87B531250AEE}"
EndProject
Project("{9A19103F-16F7-4668-BE54-9A1E7A4F7556}") = "Service.Deploy.Client", "Service.Deploy.Client\Service.Deploy.Client.csproj", "{73EAC574-67FB-47CF-AD1C-653F226A46E4}"
EndProject
Project("{2150E333-8FDC-42A3-9474-1A3956D46DE8}") = "Solution Items", "Solution Items", "{7C33A2A7-6E51-4031-A33D-08068366EA5D}"
	ProjectSection(SolutionItems) = preProject
		.editorconfig = .editorconfig
		.gitattributes = .gitattributes
		.gitignore = .gitignore
		Directory.Build.props = Directory.Build.props
		Directory.Build.targets = Directory.Build.targets
		LICENSE = LICENSE
		README.md = README.md
		Service.Deploy.ruleset = Service.Deploy.ruleset
	EndProjectSection
EndProject
Global
	GlobalSection(SolutionConfigurationPlatforms) = preSolution
		Debug|Any CPU = Debug|Any CPU
		Release|Any CPU = Release|Any CPU
	EndGlobalSection
	GlobalSection(ProjectConfigurationPlatforms) = postSolution
		{C1F1DA7C-2588-46DD-90E6-87B531250AEE}.Debug|Any CPU.ActiveCfg = Debug|Any CPU
		{C1F1DA7C-2588-46DD-90E6-87B531250AEE}.Debug|Any CPU.Build.0 = Debug|Any CPU
		{C1F1DA7C-2588-46DD-90E6-87B531250AEE}.Release|Any CPU.ActiveCfg = Release|Any CPU
		{C1F1DA7C-2588-46DD-90E6-87B531250AEE}.Release|Any CPU.Build.0 = Release|Any CPU
		{73EAC574-67FB-47CF-AD1C-653F226A46E4}.Debug|Any CPU.ActiveCfg = Debug|Any CPU
		{73EAC574-67FB-47CF-AD1C-653F226A46E4}.Debug|Any CPU.Build.0 = Debug|Any CPU
		{73EAC574-67FB-47CF-AD1C-653F226A46E4}.Release|Any CPU.ActiveCfg = Release|Any CPU
		{73EAC574-67FB-47CF-AD1C-653F226A46E4}.Release|Any CPU.Build.0 = Release|Any CPU
	EndGlobalSection
	GlobalSection(SolutionProperties) = preSolution
		HideSolutionNode = FALSE
	EndGlobalSection
	GlobalSection(ExtensibilityGlobals) = postSolution
		SolutionGuid = {CB7E5FD8-D3AC-461A-9260-529F3AACD7DB}
	EndGlobalSection
EndGlobal
